{
  "name": "Sign-Sri-App",
  "lockfileVersion": 3,
  "requires": true,
  "packages": {
    "": {
      "dependencies": {
        "react-native-emoji-picker": "^0.2.2",
        "react-native-emoji-selector": "^0.2.0"
      }
    },
    "node_modules/emoji-datasource": {
      "version": "2.4.4",
      "resolved": "https://registry.npmjs.org/emoji-datasource/-/emoji-datasource-2.4.4.tgz",
      "integrity": "sha512-Uyb23tvxUSlPiRQaK1ot+uOlLv1ivd/gcI8x+cqvLCRRMoan8waXXPrXU6UtASpORzcwCOA9dGlzqzLXw+WL7Q==",
      "license": "MIT"
    },
    "node_modules/lodash": {
      "version": "4.17.21",
      "resolved": "https://registry.npmjs.org/lodash/-/lodash-4.17.21.tgz",
      "integrity": "sha512-v2kDEe57lecTulaDIuNTPy3Ry4gLGJ6Z1O3vE1krgXZNrsQ+LFTGHVxVjcXPs17LhbZVGedAJv8XZ1tvj5FvSg==",
      "license": "MIT"
    },
    "node_modules/react-native-emoji-picker": {
      "version": "0.2.2",
      "resolved": "https://registry.npmjs.org/react-native-emoji-picker/-/react-native-emoji-picker-0.2.2.tgz",
      "integrity": "sha512-356U+RKUgo8JpljhmiPoRNEu6N2loocEci+jGETYO/VusZfasvc6JqacC/mcVqgh9pJPfaC3N8d0zCXpj9zELw==",
      "license": "MIT",
      "dependencies": {
        "emoji-datasource": "^2.4.4",
        "lodash": "^4.11.1",
        "string.fromcodepoint": "^0.2.1"
      }
    },
    "node_modules/react-native-emoji-selector": {
      "version": "0.2.0",
      "resolved": "https://registry.npmjs.org/react-native-emoji-selector/-/react-native-emoji-selector-0.2.0.tgz",
      "integrity": "sha512-+rPPWG5vl5AexdH8udEwtzdq9QUGD6kp+dQ8C/459d3ScM0S3UnT/qAvhmpsTgCbgjpdwiJIcrKNxKmGEDb15g==",
      "license": "MIT",
      "dependencies": {
        "emoji-datasource": "^6.0.0"
      }
    },
    "node_modules/react-native-emoji-selector/node_modules/emoji-datasource": {
      "version": "6.1.1",
      "resolved": "https://registry.npmjs.org/emoji-datasource/-/emoji-datasource-6.1.1.tgz",
      "integrity": "sha512-fbS3QJpzGHhujvBULSKXcvsYmVg+1ldfI3VVXG3jnFuniZtkp7rz/OcTcQjbp3m43BYxmiJgKmaoOUPxXQupRQ==",
      "license": "MIT"
    },
    "node_modules/string.fromcodepoint": {
      "version": "0.2.1",
      "resolved": "https://registry.npmjs.org/string.fromcodepoint/-/string.fromcodepoint-0.2.1.tgz",
      "integrity": "sha512-n69H31OnxSGSZyZbgBlvYIXlrMhJQ0dQAX1js1QDhpaUH6zmU3QYlj07bCwCNlPOu3oRXIubGPl2gDGnHsiCqg=="
    }
  }
}
